
Microsoft Visual Studio Solution File, Format Version 12.00
# Visual Studio 15
VisualStudioVersion = 15.0.27130.2010
MinimumVisualStudioVersion = 10.0.40219.1
Project("{FAE04EC0-301F-11D3-BF4B-00C04F79EFBC}") = "MatchAnswer", "MatchAnswer\MatchAnswer.csproj", "{D2541B68-57C2-4BC2-8E43-C6822E4F3C15}"
EndProject
Global
	GlobalSection(SolutionConfigurationPlatforms) = preSolution
		Debug|Any CPU = Debug|Any CPU
		Release|Any CPU = Release|Any CPU
	EndGlobalSection
	GlobalSection(ProjectConfigurationPlatforms) = postSolution
		{D2541B68-57C2-4BC2-8E43-C6822E4F3C15}.Debug|Any CPU.ActiveCfg = Debug|Any CPU
		{D2541B68-57C2-4BC2-8E43-C6822E4F3C15}.Debug|Any CPU.Build.0 = Debug|Any CPU
		{D2541B68-57C2-4BC2-8E43-C6822E4F3C15}.Debug|Any CPU.Deploy.0 = Debug|Any CPU
		{D2541B68-57C2-4BC2-8E43-C6822E4F3C15}.Release|Any CPU.ActiveCfg = Release|Any CPU
		{D2541B68-57C2-4BC2-8E43-C6822E4F3C15}.Release|Any CPU.Build.0 = Release|Any CPU
		{D2541B68-57C2-4BC2-8E43-C6822E4F3C15}.Release|Any CPU.Deploy.0 = Release|Any CPU
	EndGlobalSection
	GlobalSection(SolutionProperties) = preSolution
		HideSolutionNode = FALSE
	EndGlobalSection
	GlobalSection(ExtensibilityGlobals) = postSolution
		SolutionGuid = {DC9BBD66-9105-41AE-A972-D785AD92A207}
	EndGlobalSection
EndGlobal
